
Microsoft Visual Studio Solution File, Format Version 12.00
# Visual Studio Version 16
VisualStudioVersion = 16.0.29009.5
MinimumVisualStudioVersion = 10.0.40219.1
Project("{FAE04EC0-301F-11D3-BF4B-00C04F79EFBC}") = "FindNumber", "FindNumber\FindNumber.csproj", "{B11F0100-DF79-402A-8EB5-4D942D55AAD8}"
EndProject
Global
	GlobalSection(SolutionConfigurationPlatforms) = preSolution
		Debug|Any CPU = Debug|Any CPU
		Release|Any CPU = Release|Any CPU
	EndGlobalSection
	GlobalSection(ProjectConfigurationPlatforms) = postSolution
		{B11F0100-DF79-402A-8EB5-4D942D55AAD8}.Debug|Any CPU.ActiveCfg = Debug|Any CPU
		{B11F0100-DF79-402A-8EB5-4D942D55AAD8}.Debug|Any CPU.Build.0 = Debug|Any CPU
		{B11F0100-DF79-402A-8EB5-4D942D55AAD8}.Release|Any CPU.ActiveCfg = Release|Any CPU
		{B11F0100-DF79-402A-8EB5-4D942D55AAD8}.Release|Any CPU.Build.0 = Release|Any CPU
	EndGlobalSection
	GlobalSection(SolutionProperties) = preSolution
		HideSolutionNode = FALSE
	EndGlobalSection
	GlobalSection(ExtensibilityGlobals) = postSolution
		SolutionGuid = {5F64C259-F8E7-4F94-966B-A9788B16D9FA}
	EndGlobalSection
EndGlobal
